
Microsoft Visual Studio Solution File, Format Version 12.00
# Visual Studio Version 17
VisualStudioVersion = 17.12.35527.113
MinimumVisualStudioVersion = 10.0.40219.1
Project("{FAE04EC0-301F-11D3-BF4B-00C04F79EFBC}") = "Presentacion", "Presentacion\Presentacion.csproj", "{59EB13F6-C938-4E19-94D4-D4473687EA2F}"
EndProject
Project("{FAE04EC0-301F-11D3-BF4B-00C04F79EFBC}") = "BASE", "BASE\BASE.csproj", "{A6AEDBFE-1379-4DFF-806B-07B46E2060C8}"
EndProject
Project("{FAE04EC0-301F-11D3-BF4B-00C04F79EFBC}") = "Negocio", "Negocio\Negocio.csproj", "{218CA107-E063-4FB6-9291-58398B8305FC}"
EndProject
Global
	GlobalSection(SolutionConfigurationPlatforms) = preSolution
		Debug|Any CPU = Debug|Any CPU
		Release|Any CPU = Release|Any CPU
	EndGlobalSection
	GlobalSection(ProjectConfigurationPlatforms) = postSolution
		{59EB13F6-C938-4E19-94D4-D4473687EA2F}.Debug|Any CPU.ActiveCfg = Debug|Any CPU
		{59EB13F6-C938-4E19-94D4-D4473687EA2F}.Debug|Any CPU.Build.0 = Debug|Any CPU
		{59EB13F6-C938-4E19-94D4-D4473687EA2F}.Release|Any CPU.ActiveCfg = Release|Any CPU
		{59EB13F6-C938-4E19-94D4-D4473687EA2F}.Release|Any CPU.Build.0 = Release|Any CPU
		{A6AEDBFE-1379-4DFF-806B-07B46E2060C8}.Debug|Any CPU.ActiveCfg = Debug|Any CPU
		{A6AEDBFE-1379-4DFF-806B-07B46E2060C8}.Debug|Any CPU.Build.0 = Debug|Any CPU
		{A6AEDBFE-1379-4DFF-806B-07B46E2060C8}.Release|Any CPU.ActiveCfg = Release|Any CPU
		{A6AEDBFE-1379-4DFF-806B-07B46E2060C8}.Release|Any CPU.Build.0 = Release|Any CPU
		{218CA107-E063-4FB6-9291-58398B8305FC}.Debug|Any CPU.ActiveCfg = Debug|Any CPU
		{218CA107-E063-4FB6-9291-58398B8305FC}.Debug|Any CPU.Build.0 = Debug|Any CPU
		{218CA107-E063-4FB6-9291-58398B8305FC}.Release|Any CPU.ActiveCfg = Release|Any CPU
		{218CA107-E063-4FB6-9291-58398B8305FC}.Release|Any CPU.Build.0 = Release|Any CPU
	EndGlobalSection
	GlobalSection(SolutionProperties) = preSolution
		HideSolutionNode = FALSE
	EndGlobalSection
EndGlobal
